{
  "name": "ticket-booking-system",
  "lockfileVersion": 3,
  "requires": true,
  "packages": {
    "": {
      "name": "ticket-booking-system",
      "workspaces": [
        "server",
        "client",
        "shared"
      ],
      "engines": {
        "node": ">=20.0.0"
      }
    },
    "client": {
      "version": "0.1.0"
    },
    "node_modules/client": {
      "resolved": "client",
      "link": true
    },
    "node_modules/server": {
      "resolved": "server",
      "link": true
    },
    "node_modules/shared": {
      "resolved": "shared",
      "link": true
    },
    "server": {
      "version": "0.1.0"
    },
    "shared": {
      "version": "0.1.0"
    }
  }
}
